
Microsoft Visual Studio Solution File, Format Version 12.00
# Visual Studio Version 17
VisualStudioVersion = 17.14.36310.24
MinimumVisualStudioVersion = 10.0.40219.1
Project("{FAE04EC0-301F-11D3-BF4B-00C04F79EFBC}") = "homeowork3", "Blue\homeowork3.csproj", "{F3E85F5D-65C5-496F-9324-F935F4AC82B8}"
EndProject
Project("{FAE04EC0-301F-11D3-BF4B-00C04F79EFBC}") = "ConsoleApp1", "ConsoleApp1\ConsoleApp1.csproj", "{E910089A-6A69-4866-B6C6-6AE0D431CDF3}"
EndProject
Project("{FAE04EC0-301F-11D3-BF4B-00C04F79EFBC}") = "homework6", "homework6\homework6.csproj", "{DDD8BA83-9C91-4CD5-97C6-B27517A4F805}"
EndProject
Global
	GlobalSection(SolutionConfigurationPlatforms) = preSolution
		Debug|Any CPU = Debug|Any CPU
		Release|Any CPU = Release|Any CPU
	EndGlobalSection
	GlobalSection(ProjectConfigurationPlatforms) = postSolution
		{F3E85F5D-65C5-496F-9324-F935F4AC82B8}.Debug|Any CPU.ActiveCfg = Debug|Any CPU
		{F3E85F5D-65C5-496F-9324-F935F4AC82B8}.Debug|Any CPU.Build.0 = Debug|Any CPU
		{F3E85F5D-65C5-496F-9324-F935F4AC82B8}.Release|Any CPU.ActiveCfg = Release|Any CPU
		{F3E85F5D-65C5-496F-9324-F935F4AC82B8}.Release|Any CPU.Build.0 = Release|Any CPU
		{E910089A-6A69-4866-B6C6-6AE0D431CDF3}.Debug|Any CPU.ActiveCfg = Debug|Any CPU
		{E910089A-6A69-4866-B6C6-6AE0D431CDF3}.Debug|Any CPU.Build.0 = Debug|Any CPU
		{E910089A-6A69-4866-B6C6-6AE0D431CDF3}.Release|Any CPU.ActiveCfg = Release|Any CPU
		{E910089A-6A69-4866-B6C6-6AE0D431CDF3}.Release|Any CPU.Build.0 = Release|Any CPU
		{DDD8BA83-9C91-4CD5-97C6-B27517A4F805}.Debug|Any CPU.ActiveCfg = Debug|Any CPU
		{DDD8BA83-9C91-4CD5-97C6-B27517A4F805}.Debug|Any CPU.Build.0 = Debug|Any CPU
		{DDD8BA83-9C91-4CD5-97C6-B27517A4F805}.Release|Any CPU.ActiveCfg = Release|Any CPU
		{DDD8BA83-9C91-4CD5-97C6-B27517A4F805}.Release|Any CPU.Build.0 = Release|Any CPU
	EndGlobalSection
	GlobalSection(SolutionProperties) = preSolution
		HideSolutionNode = FALSE
	EndGlobalSection
	GlobalSection(ExtensibilityGlobals) = postSolution
		SolutionGuid = {3920A770-8C05-4976-81BF-F724A5126056}
	EndGlobalSection
EndGlobal
